
Microsoft Visual Studio Solution File, Format Version 12.00
# Visual Studio Version 17
VisualStudioVersion = 17.2.32516.85
MinimumVisualStudioVersion = 10.0.40219.1
Project("{9A19103F-16F7-4668-BE54-9A1E7A4F7556}") = "Teste_ControleDeCinema.Webapi", "Teste_ControleDeCinema\Teste_ControleDeCinema.Webapi.csproj", "{28BCAB61-5C98-4C5F-A21E-9D00E03A7BF2}"
EndProject
Project("{2150E333-8FDC-42A3-9474-1A3956D46DE8}") = "1- Distribuição_API", "1- Distribuição_API", "{70CEC268-6643-41FB-B600-F1559F39EBDD}"
EndProject
Project("{2150E333-8FDC-42A3-9474-1A3956D46DE8}") = "2- Aplicação_Serviços", "2- Aplicação_Serviços", "{E1F3B0A8-FD39-4A52-A8DA-AA358EC5F352}"
EndProject
Project("{2150E333-8FDC-42A3-9474-1A3956D46DE8}") = "3- Dominio", "3- Dominio", "{2A211B23-857D-44EA-9FEF-290B739CC82E}"
EndProject
Project("{2150E333-8FDC-42A3-9474-1A3956D46DE8}") = "4- Infra", "4- Infra", "{EE10647F-46EC-49F7-827F-96617D984D8C}"
EndProject
Project("{9A19103F-16F7-4668-BE54-9A1E7A4F7556}") = "Teste_ControleDeCinema.Dominio", "Teste_ControleDeCinema.Dominio\Teste_ControleDeCinema.Dominio.csproj", "{4C74A9CF-1EE6-4554-85D3-BEEF4B63C7D3}"
EndProject
Project("{9A19103F-16F7-4668-BE54-9A1E7A4F7556}") = "Teste_ControleDeCinema.Orm", "Teste_ControleDeCinema.Orm\Teste_ControleDeCinema.Orm.csproj", "{787170DD-8B8D-411E-8A4A-A3BA1AF2F7D2}"
EndProject
Project("{2150E333-8FDC-42A3-9474-1A3956D46DE8}") = "5- Testes", "5- Testes", "{0F036097-B88E-428E-BF03-A423173194DF}"
EndProject
Project("{2150E333-8FDC-42A3-9474-1A3956D46DE8}") = "5.1 Testes Unitarios", "5.1 Testes Unitarios", "{1F0C3428-959D-4E86-BCB3-E1E275674E12}"
EndProject
Project("{2150E333-8FDC-42A3-9474-1A3956D46DE8}") = "5.2 Testes de Integração", "5.2 Testes de Integração", "{1FD43888-7363-4B60-9157-BB260D07BD04}"
EndProject
Project("{9A19103F-16F7-4668-BE54-9A1E7A4F7556}") = "Teste_ControleDeCinema.Orm.Tests", "Teste_ControleDeCinema.Orm.Tests\Teste_ControleDeCinema.Orm.Tests.csproj", "{9D8AB5CE-A84D-4A78-B515-8A723F4014E5}"
EndProject
Project("{9A19103F-16F7-4668-BE54-9A1E7A4F7556}") = "Teste_ControleDeCinema.Aplicacao", "Teste_ControleDeCinema.Aplicacao\Teste_ControleDeCinema.Aplicacao.csproj", "{A779DAEF-5AF1-46EE-B37B-BC0D3FF0C7EF}"
EndProject
Project("{2150E333-8FDC-42A3-9474-1A3956D46DE8}") = "Orm", "Orm", "{16DDD895-61D4-49FA-94BE-E4C5E206DF0E}"
EndProject
Project("{2150E333-8FDC-42A3-9474-1A3956D46DE8}") = "Config", "Config", "{550EF8A3-B6C5-4CE1-922A-FFDC4259011C}"
EndProject
Project("{9A19103F-16F7-4668-BE54-9A1E7A4F7556}") = "Teste_ControleDeCinema.Infra.Configs", "Teste_ControleDeCinema.Infra.Orm\Teste_ControleDeCinema.Infra.Configs.csproj", "{8B235AE4-3F3C-48C3-A4F0-7DDBE7BCB5C1}"
EndProject
Project("{2150E333-8FDC-42A3-9474-1A3956D46DE8}") = "Logs", "Logs", "{683AE3E6-11A0-45B2-BB8F-DB922D7C1D5B}"
EndProject
Project("{9A19103F-16F7-4668-BE54-9A1E7A4F7556}") = "Teste_ControleCinema.Infra.Logging", "Teste_ControleCinema.Infra.Logging\Teste_ControleCinema.Infra.Logging.csproj", "{26870529-17F9-4605-B4F7-7BCA119E6DDF}"
EndProject
Project("{FAE04EC0-301F-11D3-BF4B-00C04F79EFBC}") = "ControleCinema.Dominio.Tests", "ControleCinema.Dominio.Tests\ControleCinema.Dominio.Tests.csproj", "{305FCE11-A395-46B2-9011-5CBDF9ACFF77}"
EndProject
Global
	GlobalSection(SolutionConfigurationPlatforms) = preSolution
		Debug|Any CPU = Debug|Any CPU
		Release|Any CPU = Release|Any CPU
	EndGlobalSection
	GlobalSection(ProjectConfigurationPlatforms) = postSolution
		{28BCAB61-5C98-4C5F-A21E-9D00E03A7BF2}.Debug|Any CPU.ActiveCfg = Debug|Any CPU
		{28BCAB61-5C98-4C5F-A21E-9D00E03A7BF2}.Debug|Any CPU.Build.0 = Debug|Any CPU
		{28BCAB61-5C98-4C5F-A21E-9D00E03A7BF2}.Release|Any CPU.ActiveCfg = Release|Any CPU
		{28BCAB61-5C98-4C5F-A21E-9D00E03A7BF2}.Release|Any CPU.Build.0 = Release|Any CPU
		{4C74A9CF-1EE6-4554-85D3-BEEF4B63C7D3}.Debug|Any CPU.ActiveCfg = Debug|Any CPU
		{4C74A9CF-1EE6-4554-85D3-BEEF4B63C7D3}.Debug|Any CPU.Build.0 = Debug|Any CPU
		{4C74A9CF-1EE6-4554-85D3-BEEF4B63C7D3}.Release|Any CPU.ActiveCfg = Release|Any CPU
		{4C74A9CF-1EE6-4554-85D3-BEEF4B63C7D3}.Release|Any CPU.Build.0 = Release|Any CPU
		{787170DD-8B8D-411E-8A4A-A3BA1AF2F7D2}.Debug|Any CPU.ActiveCfg = Debug|Any CPU
		{787170DD-8B8D-411E-8A4A-A3BA1AF2F7D2}.Debug|Any CPU.Build.0 = Debug|Any CPU
		{787170DD-8B8D-411E-8A4A-A3BA1AF2F7D2}.Release|Any CPU.ActiveCfg = Release|Any CPU
		{787170DD-8B8D-411E-8A4A-A3BA1AF2F7D2}.Release|Any CPU.Build.0 = Release|Any CPU
		{9D8AB5CE-A84D-4A78-B515-8A723F4014E5}.Debug|Any CPU.ActiveCfg = Debug|Any CPU
		{9D8AB5CE-A84D-4A78-B515-8A723F4014E5}.Debug|Any CPU.Build.0 = Debug|Any CPU
		{9D8AB5CE-A84D-4A78-B515-8A723F4014E5}.Release|Any CPU.ActiveCfg = Release|Any CPU
		{9D8AB5CE-A84D-4A78-B515-8A723F4014E5}.Release|Any CPU.Build.0 = Release|Any CPU
		{A779DAEF-5AF1-46EE-B37B-BC0D3FF0C7EF}.Debug|Any CPU.ActiveCfg = Debug|Any CPU
		{A779DAEF-5AF1-46EE-B37B-BC0D3FF0C7EF}.Debug|Any CPU.Build.0 = Debug|Any CPU
		{A779DAEF-5AF1-46EE-B37B-BC0D3FF0C7EF}.Release|Any CPU.ActiveCfg = Release|Any CPU
		{A779DAEF-5AF1-46EE-B37B-BC0D3FF0C7EF}.Release|Any CPU.Build.0 = Release|Any CPU
		{8B235AE4-3F3C-48C3-A4F0-7DDBE7BCB5C1}.Debug|Any CPU.ActiveCfg = Debug|Any CPU
		{8B235AE4-3F3C-48C3-A4F0-7DDBE7BCB5C1}.Debug|Any CPU.Build.0 = Debug|Any CPU
		{8B235AE4-3F3C-48C3-A4F0-7DDBE7BCB5C1}.Release|Any CPU.ActiveCfg = Release|Any CPU
		{8B235AE4-3F3C-48C3-A4F0-7DDBE7BCB5C1}.Release|Any CPU.Build.0 = Release|Any CPU
		{26870529-17F9-4605-B4F7-7BCA119E6DDF}.Debug|Any CPU.ActiveCfg = Debug|Any CPU
		{26870529-17F9-4605-B4F7-7BCA119E6DDF}.Debug|Any CPU.Build.0 = Debug|Any CPU
		{26870529-17F9-4605-B4F7-7BCA119E6DDF}.Release|Any CPU.ActiveCfg = Release|Any CPU
		{26870529-17F9-4605-B4F7-7BCA119E6DDF}.Release|Any CPU.Build.0 = Release|Any CPU
		{305FCE11-A395-46B2-9011-5CBDF9ACFF77}.Debug|Any CPU.ActiveCfg = Debug|Any CPU
		{305FCE11-A395-46B2-9011-5CBDF9ACFF77}.Debug|Any CPU.Build.0 = Debug|Any CPU
		{305FCE11-A395-46B2-9011-5CBDF9ACFF77}.Release|Any CPU.ActiveCfg = Release|Any CPU
		{305FCE11-A395-46B2-9011-5CBDF9ACFF77}.Release|Any CPU.Build.0 = Release|Any CPU
	EndGlobalSection
	GlobalSection(SolutionProperties) = preSolution
		HideSolutionNode = FALSE
	EndGlobalSection
	GlobalSection(NestedProjects) = preSolution
		{28BCAB61-5C98-4C5F-A21E-9D00E03A7BF2} = {70CEC268-6643-41FB-B600-F1559F39EBDD}
		{4C74A9CF-1EE6-4554-85D3-BEEF4B63C7D3} = {2A211B23-857D-44EA-9FEF-290B739CC82E}
		{787170DD-8B8D-411E-8A4A-A3BA1AF2F7D2} = {16DDD895-61D4-49FA-94BE-E4C5E206DF0E}
		{1F0C3428-959D-4E86-BCB3-E1E275674E12} = {0F036097-B88E-428E-BF03-A423173194DF}
		{1FD43888-7363-4B60-9157-BB260D07BD04} = {0F036097-B88E-428E-BF03-A423173194DF}
		{9D8AB5CE-A84D-4A78-B515-8A723F4014E5} = {1FD43888-7363-4B60-9157-BB260D07BD04}
		{A779DAEF-5AF1-46EE-B37B-BC0D3FF0C7EF} = {E1F3B0A8-FD39-4A52-A8DA-AA358EC5F352}
		{16DDD895-61D4-49FA-94BE-E4C5E206DF0E} = {EE10647F-46EC-49F7-827F-96617D984D8C}
		{550EF8A3-B6C5-4CE1-922A-FFDC4259011C} = {EE10647F-46EC-49F7-827F-96617D984D8C}
		{8B235AE4-3F3C-48C3-A4F0-7DDBE7BCB5C1} = {550EF8A3-B6C5-4CE1-922A-FFDC4259011C}
		{683AE3E6-11A0-45B2-BB8F-DB922D7C1D5B} = {EE10647F-46EC-49F7-827F-96617D984D8C}
		{26870529-17F9-4605-B4F7-7BCA119E6DDF} = {683AE3E6-11A0-45B2-BB8F-DB922D7C1D5B}
		{305FCE11-A395-46B2-9011-5CBDF9ACFF77} = {1F0C3428-959D-4E86-BCB3-E1E275674E12}
	EndGlobalSection
	GlobalSection(ExtensibilityGlobals) = postSolution
		SolutionGuid = {6DFFABC1-7A31-422B-905A-A7646F0F1955}
	EndGlobalSection
EndGlobal
